
Microsoft Visual Studio Solution File, Format Version 12.00
# Visual Studio Version 17
VisualStudioVersion = 17.11.35312.102
MinimumVisualStudioVersion = 10.0.40219.1
Project("{8BC9CEB8-8B4A-11D0-8D11-00A0C91BC942}") = "DLL2ByteArray", "DLL2ByteArray.vcxproj", "{84045C39-8699-4969-8894-F58AE1C89076}"
EndProject
Global
	GlobalSection(SolutionConfigurationPlatforms) = preSolution
		Debug|x64 = Debug|x64
		Debug|x86 = Debug|x86
		Release|x64 = Release|x64
		Release|x86 = Release|x86
	EndGlobalSection
	GlobalSection(ProjectConfigurationPlatforms) = postSolution
		{84045C39-8699-4969-8894-F58AE1C89076}.Debug|x64.ActiveCfg = Debug|x64
		{84045C39-8699-4969-8894-F58AE1C89076}.Debug|x64.Build.0 = Debug|x64
		{84045C39-8699-4969-8894-F58AE1C89076}.Debug|x86.ActiveCfg = Debug|Win32
		{84045C39-8699-4969-8894-F58AE1C89076}.Debug|x86.Build.0 = Debug|Win32
		{84045C39-8699-4969-8894-F58AE1C89076}.Release|x64.ActiveCfg = Release|x64
		{84045C39-8699-4969-8894-F58AE1C89076}.Release|x64.Build.0 = Release|x64
		{84045C39-8699-4969-8894-F58AE1C89076}.Release|x86.ActiveCfg = Release|Win32
		{84045C39-8699-4969-8894-F58AE1C89076}.Release|x86.Build.0 = Release|Win32
	EndGlobalSection
	GlobalSection(SolutionProperties) = preSolution
		HideSolutionNode = FALSE
	EndGlobalSection
	GlobalSection(ExtensibilityGlobals) = postSolution
		SolutionGuid = {A7A22243-0EE4-4042-B85A-0D4DF1090C50}
	EndGlobalSection
EndGlobal
